
Microsoft Visual Studio Solution File, Format Version 12.00
# Visual Studio Version 17
VisualStudioVersion = 17.1.32407.343
MinimumVisualStudioVersion = 10.0.40219.1
Project("{9A19103F-16F7-4668-BE54-9A1E7A4F7556}") = "Turbo.Main", "Turbo\Turbo.Main.csproj", "{C15ABD7C-DBDE-4479-95E6-F7EC209CA41B}"
EndProject
Project("{9A19103F-16F7-4668-BE54-9A1E7A4F7556}") = "Turbo.Core", "Turbo.Core\Turbo.Core.csproj", "{A239CBD2-CA62-49C0-A931-14F74E63A6B6}"
EndProject
Project("{9A19103F-16F7-4668-BE54-9A1E7A4F7556}") = "Turbo.Networking", "Turbo.Networking\Turbo.Networking.csproj", "{D77C96D3-E684-49A5-9C30-FBA966813B46}"
EndProject
Project("{9A19103F-16F7-4668-BE54-9A1E7A4F7556}") = "Turbo.Utils", "Turbo.Utils\Turbo.Utils.csproj", "{D761453D-8E9E-4260-A55A-726AD57785A8}"
EndProject
Project("{9A19103F-16F7-4668-BE54-9A1E7A4F7556}") = "Turbo.Packets", "Turbo.Packets\Turbo.Packets.csproj", "{93456A3C-8D1D-4841-BDC2-F8376C84044F}"
EndProject
Project("{9A19103F-16F7-4668-BE54-9A1E7A4F7556}") = "Turbo.Plugins", "Turbo.Plugins\Turbo.Plugins.csproj", "{4DBCD823-1F10-44F6-A771-624BDEE663AB}"
EndProject
Project("{9A19103F-16F7-4668-BE54-9A1E7A4F7556}") = "Turbo.Rooms", "Turbo.Rooms\Turbo.Rooms.csproj", "{DBB2CE86-16EF-4A5D-A030-2E2E4A4F4985}"
EndProject
Project("{9A19103F-16F7-4668-BE54-9A1E7A4F7556}") = "Turbo.Database", "Turbo.Database\Turbo.Database.csproj", "{576B626A-C8E2-4844-93D5-47E5E97216E6}"
EndProject
Project("{9A19103F-16F7-4668-BE54-9A1E7A4F7556}") = "Turbo.Furniture", "Turbo.Furniture\Turbo.Furniture.csproj", "{C790157F-BB1C-47D6-8742-D6BFF3C358E2}"
EndProject
Project("{9A19103F-16F7-4668-BE54-9A1E7A4F7556}") = "Turbo.Players", "Turbo.Players\Turbo.Players.csproj", "{C4D4E6AF-ECDE-41B8-967F-1B1F61D2F2AB}"
EndProject
Project("{9A19103F-16F7-4668-BE54-9A1E7A4F7556}") = "Turbo.Security", "Turbo.Security\Turbo.Security.csproj", "{6BB40E61-F970-4782-B250-372CBEE8660C}"
EndProject
Project("{9A19103F-16F7-4668-BE54-9A1E7A4F7556}") = "Turbo.Navigator", "Turbo.Navigator\Turbo.Navigator.csproj", "{0E90AE4D-4EE2-4729-8CF8-446CED0B615B}"
EndProject
Project("{9A19103F-16F7-4668-BE54-9A1E7A4F7556}") = "Turbo.Catalog", "Turbo.Catalog\Turbo.Catalog.csproj", "{A63E1591-8AC4-4FC3-AC53-0C28F5D10D1B}"
EndProject
Project("{9A19103F-16F7-4668-BE54-9A1E7A4F7556}") = "Turbo.Inventory", "Turbo.Inventory\Turbo.Inventory.csproj", "{2A082FFD-CB6D-415E-9FE3-9EFAD1BF4F6F}"
EndProject
Project("{9A19103F-16F7-4668-BE54-9A1E7A4F7556}") = "Turbo.Events", "Turbo.Events\Turbo.Events.csproj", "{F0651F3B-2C4F-4AD0-B5E4-D568F76C606B}"
EndProject
Project("{2150E333-8FDC-42A3-9474-1A3956D46DE8}") = "Revisions", "Revisions", "{F866635B-2C29-476A-ABB4-79F1E081988F}"
EndProject
Global
	GlobalSection(SolutionConfigurationPlatforms) = preSolution
		Debug|Any CPU = Debug|Any CPU
		Debug|x64 = Debug|x64
		Debug|x86 = Debug|x86
		Release|Any CPU = Release|Any CPU
		Release|x64 = Release|x64
		Release|x86 = Release|x86
	EndGlobalSection
	GlobalSection(ProjectConfigurationPlatforms) = postSolution
		{C15ABD7C-DBDE-4479-95E6-F7EC209CA41B}.Debug|Any CPU.ActiveCfg = Debug|Any CPU
		{C15ABD7C-DBDE-4479-95E6-F7EC209CA41B}.Debug|Any CPU.Build.0 = Debug|Any CPU
		{C15ABD7C-DBDE-4479-95E6-F7EC209CA41B}.Debug|x64.ActiveCfg = Debug|Any CPU
		{C15ABD7C-DBDE-4479-95E6-F7EC209CA41B}.Debug|x64.Build.0 = Debug|Any CPU
		{C15ABD7C-DBDE-4479-95E6-F7EC209CA41B}.Debug|x86.ActiveCfg = Debug|Any CPU
		{C15ABD7C-DBDE-4479-95E6-F7EC209CA41B}.Debug|x86.Build.0 = Debug|Any CPU
		{C15ABD7C-DBDE-4479-95E6-F7EC209CA41B}.Release|Any CPU.ActiveCfg = Release|Any CPU
		{C15ABD7C-DBDE-4479-95E6-F7EC209CA41B}.Release|Any CPU.Build.0 = Release|Any CPU
		{C15ABD7C-DBDE-4479-95E6-F7EC209CA41B}.Release|x64.ActiveCfg = Release|Any CPU
		{C15ABD7C-DBDE-4479-95E6-F7EC209CA41B}.Release|x64.Build.0 = Release|Any CPU
		{C15ABD7C-DBDE-4479-95E6-F7EC209CA41B}.Release|x86.ActiveCfg = Release|Any CPU
		{C15ABD7C-DBDE-4479-95E6-F7EC209CA41B}.Release|x86.Build.0 = Release|Any CPU
		{A239CBD2-CA62-49C0-A931-14F74E63A6B6}.Debug|Any CPU.ActiveCfg = Debug|Any CPU
		{A239CBD2-CA62-49C0-A931-14F74E63A6B6}.Debug|Any CPU.Build.0 = Debug|Any CPU
		{A239CBD2-CA62-49C0-A931-14F74E63A6B6}.Debug|x64.ActiveCfg = Debug|Any CPU
		{A239CBD2-CA62-49C0-A931-14F74E63A6B6}.Debug|x64.Build.0 = Debug|Any CPU
		{A239CBD2-CA62-49C0-A931-14F74E63A6B6}.Debug|x86.ActiveCfg = Debug|Any CPU
		{A239CBD2-CA62-49C0-A931-14F74E63A6B6}.Debug|x86.Build.0 = Debug|Any CPU
		{A239CBD2-CA62-49C0-A931-14F74E63A6B6}.Release|Any CPU.ActiveCfg = Release|Any CPU
		{A239CBD2-CA62-49C0-A931-14F74E63A6B6}.Release|Any CPU.Build.0 = Release|Any CPU
		{A239CBD2-CA62-49C0-A931-14F74E63A6B6}.Release|x64.ActiveCfg = Release|Any CPU
		{A239CBD2-CA62-49C0-A931-14F74E63A6B6}.Release|x64.Build.0 = Release|Any CPU
		{A239CBD2-CA62-49C0-A931-14F74E63A6B6}.Release|x86.ActiveCfg = Release|Any CPU
		{A239CBD2-CA62-49C0-A931-14F74E63A6B6}.Release|x86.Build.0 = Release|Any CPU
		{D77C96D3-E684-49A5-9C30-FBA966813B46}.Debug|Any CPU.ActiveCfg = Debug|Any CPU
		{D77C96D3-E684-49A5-9C30-FBA966813B46}.Debug|Any CPU.Build.0 = Debug|Any CPU
		{D77C96D3-E684-49A5-9C30-FBA966813B46}.Debug|x64.ActiveCfg = Debug|Any CPU
		{D77C96D3-E684-49A5-9C30-FBA966813B46}.Debug|x64.Build.0 = Debug|Any CPU
		{D77C96D3-E684-49A5-9C30-FBA966813B46}.Debug|x86.ActiveCfg = Debug|Any CPU
		{D77C96D3-E684-49A5-9C30-FBA966813B46}.Debug|x86.Build.0 = Debug|Any CPU
		{D77C96D3-E684-49A5-9C30-FBA966813B46}.Release|Any CPU.ActiveCfg = Release|Any CPU
		{D77C96D3-E684-49A5-9C30-FBA966813B46}.Release|Any CPU.Build.0 = Release|Any CPU
		{D77C96D3-E684-49A5-9C30-FBA966813B46}.Release|x64.ActiveCfg = Release|Any CPU
		{D77C96D3-E684-49A5-9C30-FBA966813B46}.Release|x64.Build.0 = Release|Any CPU
		{D77C96D3-E684-49A5-9C30-FBA966813B46}.Release|x86.ActiveCfg = Release|Any CPU
		{D77C96D3-E684-49A5-9C30-FBA966813B46}.Release|x86.Build.0 = Release|Any CPU
		{D761453D-8E9E-4260-A55A-726AD57785A8}.Debug|Any CPU.ActiveCfg = Debug|Any CPU
		{D761453D-8E9E-4260-A55A-726AD57785A8}.Debug|Any CPU.Build.0 = Debug|Any CPU
		{D761453D-8E9E-4260-A55A-726AD57785A8}.Debug|x64.ActiveCfg = Debug|Any CPU
		{D761453D-8E9E-4260-A55A-726AD57785A8}.Debug|x64.Build.0 = Debug|Any CPU
		{D761453D-8E9E-4260-A55A-726AD57785A8}.Debug|x86.ActiveCfg = Debug|Any CPU
		{D761453D-8E9E-4260-A55A-726AD57785A8}.Debug|x86.Build.0 = Debug|Any CPU
		{D761453D-8E9E-4260-A55A-726AD57785A8}.Release|Any CPU.ActiveCfg = Release|Any CPU
		{D761453D-8E9E-4260-A55A-726AD57785A8}.Release|Any CPU.Build.0 = Release|Any CPU
		{D761453D-8E9E-4260-A55A-726AD57785A8}.Release|x64.ActiveCfg = Release|Any CPU
		{D761453D-8E9E-4260-A55A-726AD57785A8}.Release|x64.Build.0 = Release|Any CPU
		{D761453D-8E9E-4260-A55A-726AD57785A8}.Release|x86.ActiveCfg = Release|Any CPU
		{D761453D-8E9E-4260-A55A-726AD57785A8}.Release|x86.Build.0 = Release|Any CPU
		{93456A3C-8D1D-4841-BDC2-F8376C84044F}.Debug|Any CPU.ActiveCfg = Debug|Any CPU
		{93456A3C-8D1D-4841-BDC2-F8376C84044F}.Debug|Any CPU.Build.0 = Debug|Any CPU
		{93456A3C-8D1D-4841-BDC2-F8376C84044F}.Debug|x64.ActiveCfg = Debug|Any CPU
		{93456A3C-8D1D-4841-BDC2-F8376C84044F}.Debug|x64.Build.0 = Debug|Any CPU
		{93456A3C-8D1D-4841-BDC2-F8376C84044F}.Debug|x86.ActiveCfg = Debug|Any CPU
		{93456A3C-8D1D-4841-BDC2-F8376C84044F}.Debug|x86.Build.0 = Debug|Any CPU
		{93456A3C-8D1D-4841-BDC2-F8376C84044F}.Release|Any CPU.ActiveCfg = Release|Any CPU
		{93456A3C-8D1D-4841-BDC2-F8376C84044F}.Release|Any CPU.Build.0 = Release|Any CPU
		{93456A3C-8D1D-4841-BDC2-F8376C84044F}.Release|x64.ActiveCfg = Release|Any CPU
		{93456A3C-8D1D-4841-BDC2-F8376C84044F}.Release|x64.Build.0 = Release|Any CPU
		{93456A3C-8D1D-4841-BDC2-F8376C84044F}.Release|x86.ActiveCfg = Release|Any CPU
		{93456A3C-8D1D-4841-BDC2-F8376C84044F}.Release|x86.Build.0 = Release|Any CPU
		{4DBCD823-1F10-44F6-A771-624BDEE663AB}.Debug|Any CPU.ActiveCfg = Debug|Any CPU
		{4DBCD823-1F10-44F6-A771-624BDEE663AB}.Debug|Any CPU.Build.0 = Debug|Any CPU
		{4DBCD823-1F10-44F6-A771-624BDEE663AB}.Debug|x64.ActiveCfg = Debug|Any CPU
		{4DBCD823-1F10-44F6-A771-624BDEE663AB}.Debug|x64.Build.0 = Debug|Any CPU
		{4DBCD823-1F10-44F6-A771-624BDEE663AB}.Debug|x86.ActiveCfg = Debug|Any CPU
		{4DBCD823-1F10-44F6-A771-624BDEE663AB}.Debug|x86.Build.0 = Debug|Any CPU
		{4DBCD823-1F10-44F6-A771-624BDEE663AB}.Release|Any CPU.ActiveCfg = Release|Any CPU
		{4DBCD823-1F10-44F6-A771-624BDEE663AB}.Release|Any CPU.Build.0 = Release|Any CPU
		{4DBCD823-1F10-44F6-A771-624BDEE663AB}.Release|x64.ActiveCfg = Release|Any CPU
		{4DBCD823-1F10-44F6-A771-624BDEE663AB}.Release|x64.Build.0 = Release|Any CPU
		{4DBCD823-1F10-44F6-A771-624BDEE663AB}.Release|x86.ActiveCfg = Release|Any CPU
		{4DBCD823-1F10-44F6-A771-624BDEE663AB}.Release|x86.Build.0 = Release|Any CPU
		{DBB2CE86-16EF-4A5D-A030-2E2E4A4F4985}.Debug|Any CPU.ActiveCfg = Debug|Any CPU
		{DBB2CE86-16EF-4A5D-A030-2E2E4A4F4985}.Debug|Any CPU.Build.0 = Debug|Any CPU
		{DBB2CE86-16EF-4A5D-A030-2E2E4A4F4985}.Debug|x64.ActiveCfg = Debug|Any CPU
		{DBB2CE86-16EF-4A5D-A030-2E2E4A4F4985}.Debug|x64.Build.0 = Debug|Any CPU
		{DBB2CE86-16EF-4A5D-A030-2E2E4A4F4985}.Debug|x86.ActiveCfg = Debug|Any CPU
		{DBB2CE86-16EF-4A5D-A030-2E2E4A4F4985}.Debug|x86.Build.0 = Debug|Any CPU
		{DBB2CE86-16EF-4A5D-A030-2E2E4A4F4985}.Release|Any CPU.ActiveCfg = Release|Any CPU
		{DBB2CE86-16EF-4A5D-A030-2E2E4A4F4985}.Release|Any CPU.Build.0 = Release|Any CPU
		{DBB2CE86-16EF-4A5D-A030-2E2E4A4F4985}.Release|x64.ActiveCfg = Release|Any CPU
		{DBB2CE86-16EF-4A5D-A030-2E2E4A4F4985}.Release|x64.Build.0 = Release|Any CPU
		{DBB2CE86-16EF-4A5D-A030-2E2E4A4F4985}.Release|x86.ActiveCfg = Release|Any CPU
		{DBB2CE86-16EF-4A5D-A030-2E2E4A4F4985}.Release|x86.Build.0 = Release|Any CPU
		{576B626A-C8E2-4844-93D5-47E5E97216E6}.Debug|Any CPU.ActiveCfg = Debug|Any CPU
		{576B626A-C8E2-4844-93D5-47E5E97216E6}.Debug|Any CPU.Build.0 = Debug|Any CPU
		{576B626A-C8E2-4844-93D5-47E5E97216E6}.Debug|x64.ActiveCfg = Debug|Any CPU
		{576B626A-C8E2-4844-93D5-47E5E97216E6}.Debug|x64.Build.0 = Debug|Any CPU
		{576B626A-C8E2-4844-93D5-47E5E97216E6}.Debug|x86.ActiveCfg = Debug|Any CPU
		{576B626A-C8E2-4844-93D5-47E5E97216E6}.Debug|x86.Build.0 = Debug|Any CPU
		{576B626A-C8E2-4844-93D5-47E5E97216E6}.Release|Any CPU.ActiveCfg = Release|Any CPU
		{576B626A-C8E2-4844-93D5-47E5E97216E6}.Release|Any CPU.Build.0 = Release|Any CPU
		{576B626A-C8E2-4844-93D5-47E5E97216E6}.Release|x64.ActiveCfg = Release|Any CPU
		{576B626A-C8E2-4844-93D5-47E5E97216E6}.Release|x64.Build.0 = Release|Any CPU
		{576B626A-C8E2-4844-93D5-47E5E97216E6}.Release|x86.ActiveCfg = Release|Any CPU
		{576B626A-C8E2-4844-93D5-47E5E97216E6}.Release|x86.Build.0 = Release|Any CPU
		{C790157F-BB1C-47D6-8742-D6BFF3C358E2}.Debug|Any CPU.ActiveCfg = Debug|Any CPU
		{C790157F-BB1C-47D6-8742-D6BFF3C358E2}.Debug|Any CPU.Build.0 = Debug|Any CPU
		{C790157F-BB1C-47D6-8742-D6BFF3C358E2}.Debug|x64.ActiveCfg = Debug|Any CPU
		{C790157F-BB1C-47D6-8742-D6BFF3C358E2}.Debug|x64.Build.0 = Debug|Any CPU
		{C790157F-BB1C-47D6-8742-D6BFF3C358E2}.Debug|x86.ActiveCfg = Debug|Any CPU
		{C790157F-BB1C-47D6-8742-D6BFF3C358E2}.Debug|x86.Build.0 = Debug|Any CPU
		{C790157F-BB1C-47D6-8742-D6BFF3C358E2}.Release|Any CPU.ActiveCfg = Release|Any CPU
		{C790157F-BB1C-47D6-8742-D6BFF3C358E2}.Release|Any CPU.Build.0 = Release|Any CPU
		{C790157F-BB1C-47D6-8742-D6BFF3C358E2}.Release|x64.ActiveCfg = Release|Any CPU
		{C790157F-BB1C-47D6-8742-D6BFF3C358E2}.Release|x64.Build.0 = Release|Any CPU
		{C790157F-BB1C-47D6-8742-D6BFF3C358E2}.Release|x86.ActiveCfg = Release|Any CPU
		{C790157F-BB1C-47D6-8742-D6BFF3C358E2}.Release|x86.Build.0 = Release|Any CPU
		{C4D4E6AF-ECDE-41B8-967F-1B1F61D2F2AB}.Debug|Any CPU.ActiveCfg = Debug|Any CPU
		{C4D4E6AF-ECDE-41B8-967F-1B1F61D2F2AB}.Debug|Any CPU.Build.0 = Debug|Any CPU
		{C4D4E6AF-ECDE-41B8-967F-1B1F61D2F2AB}.Debug|x64.ActiveCfg = Debug|Any CPU
		{C4D4E6AF-ECDE-41B8-967F-1B1F61D2F2AB}.Debug|x64.Build.0 = Debug|Any CPU
		{C4D4E6AF-ECDE-41B8-967F-1B1F61D2F2AB}.Debug|x86.ActiveCfg = Debug|Any CPU
		{C4D4E6AF-ECDE-41B8-967F-1B1F61D2F2AB}.Debug|x86.Build.0 = Debug|Any CPU
		{C4D4E6AF-ECDE-41B8-967F-1B1F61D2F2AB}.Release|Any CPU.ActiveCfg = Release|Any CPU
		{C4D4E6AF-ECDE-41B8-967F-1B1F61D2F2AB}.Release|Any CPU.Build.0 = Release|Any CPU
		{C4D4E6AF-ECDE-41B8-967F-1B1F61D2F2AB}.Release|x64.ActiveCfg = Release|Any CPU
		{C4D4E6AF-ECDE-41B8-967F-1B1F61D2F2AB}.Release|x64.Build.0 = Release|Any CPU
		{C4D4E6AF-ECDE-41B8-967F-1B1F61D2F2AB}.Release|x86.ActiveCfg = Release|Any CPU
		{C4D4E6AF-ECDE-41B8-967F-1B1F61D2F2AB}.Release|x86.Build.0 = Release|Any CPU
		{6BB40E61-F970-4782-B250-372CBEE8660C}.Debug|Any CPU.ActiveCfg = Debug|Any CPU
		{6BB40E61-F970-4782-B250-372CBEE8660C}.Debug|Any CPU.Build.0 = Debug|Any CPU
		{6BB40E61-F970-4782-B250-372CBEE8660C}.Debug|x64.ActiveCfg = Debug|Any CPU
		{6BB40E61-F970-4782-B250-372CBEE8660C}.Debug|x64.Build.0 = Debug|Any CPU
		{6BB40E61-F970-4782-B250-372CBEE8660C}.Debug|x86.ActiveCfg = Debug|Any CPU
		{6BB40E61-F970-4782-B250-372CBEE8660C}.Debug|x86.Build.0 = Debug|Any CPU
		{6BB40E61-F970-4782-B250-372CBEE8660C}.Release|Any CPU.ActiveCfg = Release|Any CPU
		{6BB40E61-F970-4782-B250-372CBEE8660C}.Release|Any CPU.Build.0 = Release|Any CPU
		{6BB40E61-F970-4782-B250-372CBEE8660C}.Release|x64.ActiveCfg = Release|Any CPU
		{6BB40E61-F970-4782-B250-372CBEE8660C}.Release|x64.Build.0 = Release|Any CPU
		{6BB40E61-F970-4782-B250-372CBEE8660C}.Release|x86.ActiveCfg = Release|Any CPU
		{6BB40E61-F970-4782-B250-372CBEE8660C}.Release|x86.Build.0 = Release|Any CPU
		{0E90AE4D-4EE2-4729-8CF8-446CED0B615B}.Debug|Any CPU.ActiveCfg = Debug|Any CPU
		{0E90AE4D-4EE2-4729-8CF8-446CED0B615B}.Debug|Any CPU.Build.0 = Debug|Any CPU
		{0E90AE4D-4EE2-4729-8CF8-446CED0B615B}.Debug|x64.ActiveCfg = Debug|Any CPU
		{0E90AE4D-4EE2-4729-8CF8-446CED0B615B}.Debug|x64.Build.0 = Debug|Any CPU
		{0E90AE4D-4EE2-4729-8CF8-446CED0B615B}.Debug|x86.ActiveCfg = Debug|Any CPU
		{0E90AE4D-4EE2-4729-8CF8-446CED0B615B}.Debug|x86.Build.0 = Debug|Any CPU
		{0E90AE4D-4EE2-4729-8CF8-446CED0B615B}.Release|Any CPU.ActiveCfg = Release|Any CPU
		{0E90AE4D-4EE2-4729-8CF8-446CED0B615B}.Release|Any CPU.Build.0 = Release|Any CPU
		{0E90AE4D-4EE2-4729-8CF8-446CED0B615B}.Release|x64.ActiveCfg = Release|Any CPU
		{0E90AE4D-4EE2-4729-8CF8-446CED0B615B}.Release|x64.Build.0 = Release|Any CPU
		{0E90AE4D-4EE2-4729-8CF8-446CED0B615B}.Release|x86.ActiveCfg = Release|Any CPU
		{0E90AE4D-4EE2-4729-8CF8-446CED0B615B}.Release|x86.Build.0 = Release|Any CPU
		{A63E1591-8AC4-4FC3-AC53-0C28F5D10D1B}.Debug|Any CPU.ActiveCfg = Debug|Any CPU
		{A63E1591-8AC4-4FC3-AC53-0C28F5D10D1B}.Debug|Any CPU.Build.0 = Debug|Any CPU
		{A63E1591-8AC4-4FC3-AC53-0C28F5D10D1B}.Debug|x64.ActiveCfg = Debug|Any CPU
		{A63E1591-8AC4-4FC3-AC53-0C28F5D10D1B}.Debug|x64.Build.0 = Debug|Any CPU
		{A63E1591-8AC4-4FC3-AC53-0C28F5D10D1B}.Debug|x86.ActiveCfg = Debug|Any CPU
		{A63E1591-8AC4-4FC3-AC53-0C28F5D10D1B}.Debug|x86.Build.0 = Debug|Any CPU
		{A63E1591-8AC4-4FC3-AC53-0C28F5D10D1B}.Release|Any CPU.ActiveCfg = Release|Any CPU
		{A63E1591-8AC4-4FC3-AC53-0C28F5D10D1B}.Release|Any CPU.Build.0 = Release|Any CPU
		{A63E1591-8AC4-4FC3-AC53-0C28F5D10D1B}.Release|x64.ActiveCfg = Release|Any CPU
		{A63E1591-8AC4-4FC3-AC53-0C28F5D10D1B}.Release|x64.Build.0 = Release|Any CPU
		{A63E1591-8AC4-4FC3-AC53-0C28F5D10D1B}.Release|x86.ActiveCfg = Release|Any CPU
		{A63E1591-8AC4-4FC3-AC53-0C28F5D10D1B}.Release|x86.Build.0 = Release|Any CPU
		{2A082FFD-CB6D-415E-9FE3-9EFAD1BF4F6F}.Debug|Any CPU.ActiveCfg = Debug|Any CPU
		{2A082FFD-CB6D-415E-9FE3-9EFAD1BF4F6F}.Debug|Any CPU.Build.0 = Debug|Any CPU
		{2A082FFD-CB6D-415E-9FE3-9EFAD1BF4F6F}.Debug|x64.ActiveCfg = Debug|Any CPU
		{2A082FFD-CB6D-415E-9FE3-9EFAD1BF4F6F}.Debug|x64.Build.0 = Debug|Any CPU
		{2A082FFD-CB6D-415E-9FE3-9EFAD1BF4F6F}.Debug|x86.ActiveCfg = Debug|Any CPU
		{2A082FFD-CB6D-415E-9FE3-9EFAD1BF4F6F}.Debug|x86.Build.0 = Debug|Any CPU
		{2A082FFD-CB6D-415E-9FE3-9EFAD1BF4F6F}.Release|Any CPU.ActiveCfg = Release|Any CPU
		{2A082FFD-CB6D-415E-9FE3-9EFAD1BF4F6F}.Release|Any CPU.Build.0 = Release|Any CPU
		{2A082FFD-CB6D-415E-9FE3-9EFAD1BF4F6F}.Release|x64.ActiveCfg = Release|Any CPU
		{2A082FFD-CB6D-415E-9FE3-9EFAD1BF4F6F}.Release|x64.Build.0 = Release|Any CPU
		{2A082FFD-CB6D-415E-9FE3-9EFAD1BF4F6F}.Release|x86.ActiveCfg = Release|Any CPU
		{2A082FFD-CB6D-415E-9FE3-9EFAD1BF4F6F}.Release|x86.Build.0 = Release|Any CPU
		{F0651F3B-2C4F-4AD0-B5E4-D568F76C606B}.Debug|Any CPU.ActiveCfg = Debug|Any CPU
		{F0651F3B-2C4F-4AD0-B5E4-D568F76C606B}.Debug|Any CPU.Build.0 = Debug|Any CPU
		{F0651F3B-2C4F-4AD0-B5E4-D568F76C606B}.Debug|x64.ActiveCfg = Debug|Any CPU
		{F0651F3B-2C4F-4AD0-B5E4-D568F76C606B}.Debug|x64.Build.0 = Debug|Any CPU
		{F0651F3B-2C4F-4AD0-B5E4-D568F76C606B}.Debug|x86.ActiveCfg = Debug|Any CPU
		{F0651F3B-2C4F-4AD0-B5E4-D568F76C606B}.Debug|x86.Build.0 = Debug|Any CPU
		{F0651F3B-2C4F-4AD0-B5E4-D568F76C606B}.Release|Any CPU.ActiveCfg = Release|Any CPU
		{F0651F3B-2C4F-4AD0-B5E4-D568F76C606B}.Release|Any CPU.Build.0 = Release|Any CPU
		{F0651F3B-2C4F-4AD0-B5E4-D568F76C606B}.Release|x64.ActiveCfg = Release|Any CPU
		{F0651F3B-2C4F-4AD0-B5E4-D568F76C606B}.Release|x64.Build.0 = Release|Any CPU
		{F0651F3B-2C4F-4AD0-B5E4-D568F76C606B}.Release|x86.ActiveCfg = Release|Any CPU
		{F0651F3B-2C4F-4AD0-B5E4-D568F76C606B}.Release|x86.Build.0 = Release|Any CPU
		{AFDED6A2-6B06-4AEB-8D18-ADB0FA008721}.Debug|Any CPU.ActiveCfg = Debug|Any CPU
		{AFDED6A2-6B06-4AEB-8D18-ADB0FA008721}.Debug|Any CPU.Build.0 = Debug|Any CPU
		{AFDED6A2-6B06-4AEB-8D18-ADB0FA008721}.Debug|x64.ActiveCfg = Debug|Any CPU
		{AFDED6A2-6B06-4AEB-8D18-ADB0FA008721}.Debug|x64.Build.0 = Debug|Any CPU
		{AFDED6A2-6B06-4AEB-8D18-ADB0FA008721}.Debug|x86.ActiveCfg = Debug|Any CPU
		{AFDED6A2-6B06-4AEB-8D18-ADB0FA008721}.Debug|x86.Build.0 = Debug|Any CPU
		{AFDED6A2-6B06-4AEB-8D18-ADB0FA008721}.Release|Any CPU.ActiveCfg = Release|Any CPU
		{AFDED6A2-6B06-4AEB-8D18-ADB0FA008721}.Release|Any CPU.Build.0 = Release|Any CPU
		{AFDED6A2-6B06-4AEB-8D18-ADB0FA008721}.Release|x64.ActiveCfg = Release|Any CPU
		{AFDED6A2-6B06-4AEB-8D18-ADB0FA008721}.Release|x64.Build.0 = Release|Any CPU
		{AFDED6A2-6B06-4AEB-8D18-ADB0FA008721}.Release|x86.ActiveCfg = Release|Any CPU
		{AFDED6A2-6B06-4AEB-8D18-ADB0FA008721}.Release|x86.Build.0 = Release|Any CPU
		{3D6FB3A5-F5C1-4EE4-BF35-54636BB90C49}.Debug|Any CPU.ActiveCfg = Debug|Any CPU
		{3D6FB3A5-F5C1-4EE4-BF35-54636BB90C49}.Debug|Any CPU.Build.0 = Debug|Any CPU
		{3D6FB3A5-F5C1-4EE4-BF35-54636BB90C49}.Debug|x64.ActiveCfg = Debug|Any CPU
		{3D6FB3A5-F5C1-4EE4-BF35-54636BB90C49}.Debug|x64.Build.0 = Debug|Any CPU
		{3D6FB3A5-F5C1-4EE4-BF35-54636BB90C49}.Debug|x86.ActiveCfg = Debug|Any CPU
		{3D6FB3A5-F5C1-4EE4-BF35-54636BB90C49}.Debug|x86.Build.0 = Debug|Any CPU
		{3D6FB3A5-F5C1-4EE4-BF35-54636BB90C49}.Release|Any CPU.ActiveCfg = Release|Any CPU
		{3D6FB3A5-F5C1-4EE4-BF35-54636BB90C49}.Release|Any CPU.Build.0 = Release|Any CPU
		{3D6FB3A5-F5C1-4EE4-BF35-54636BB90C49}.Release|x64.ActiveCfg = Release|Any CPU
		{3D6FB3A5-F5C1-4EE4-BF35-54636BB90C49}.Release|x64.Build.0 = Release|Any CPU
		{3D6FB3A5-F5C1-4EE4-BF35-54636BB90C49}.Release|x86.ActiveCfg = Release|Any CPU
		{3D6FB3A5-F5C1-4EE4-BF35-54636BB90C49}.Release|x86.Build.0 = Release|Any CPU
		{599A013B-9777-42B2-8388-8D2C8ADA4947}.Debug|Any CPU.ActiveCfg = Debug|Any CPU
		{599A013B-9777-42B2-8388-8D2C8ADA4947}.Debug|Any CPU.Build.0 = Debug|Any CPU
		{599A013B-9777-42B2-8388-8D2C8ADA4947}.Debug|x64.ActiveCfg = Debug|Any CPU
		{599A013B-9777-42B2-8388-8D2C8ADA4947}.Debug|x64.Build.0 = Debug|Any CPU
		{599A013B-9777-42B2-8388-8D2C8ADA4947}.Debug|x86.ActiveCfg = Debug|Any CPU
		{599A013B-9777-42B2-8388-8D2C8ADA4947}.Debug|x86.Build.0 = Debug|Any CPU
		{599A013B-9777-42B2-8388-8D2C8ADA4947}.Release|Any CPU.ActiveCfg = Release|Any CPU
		{599A013B-9777-42B2-8388-8D2C8ADA4947}.Release|Any CPU.Build.0 = Release|Any CPU
		{599A013B-9777-42B2-8388-8D2C8ADA4947}.Release|x64.ActiveCfg = Release|Any CPU
		{599A013B-9777-42B2-8388-8D2C8ADA4947}.Release|x64.Build.0 = Release|Any CPU
		{599A013B-9777-42B2-8388-8D2C8ADA4947}.Release|x86.ActiveCfg = Release|Any CPU
		{599A013B-9777-42B2-8388-8D2C8ADA4947}.Release|x86.Build.0 = Release|Any CPU
	EndGlobalSection
	GlobalSection(SolutionProperties) = preSolution
		HideSolutionNode = FALSE
	EndGlobalSection
	GlobalSection(ExtensibilityGlobals) = postSolution
		SolutionGuid = {982ABAA8-FF24-4E03-9F6C-38CECF8E7DE7}
	EndGlobalSection
	GlobalSection(NestedProjects) = preSolution
		{AFDED6A2-6B06-4AEB-8D18-ADB0FA008721} = {F866635B-2C29-476A-ABB4-79F1E081988F}
	EndGlobalSection
EndGlobal
